
Microsoft Visual Studio Solution File, Format Version 12.00
# Visual Studio Version 17
VisualStudioVersion = 17.11.35431.28
MinimumVisualStudioVersion = 10.0.40219.1
Project("{2150E333-8FDC-42A3-9474-1A3956D46DE8}") = "Services", "Services", "{EFF8DBF1-9208-4494-9CC2-32C60D39B92E}"
EndProject
Project("{2150E333-8FDC-42A3-9474-1A3956D46DE8}") = "Catalog", "Catalog", "{17D23E12-425E-45C6-9E5C-D5A906962040}"
EndProject
Project("{9A19103F-16F7-4668-BE54-9A1E7A4F7556}") = "Catolog.API", "Services\Catalog\Catolog.API\Catolog.API.csproj", "{CB5002D5-6FAC-4B1B-B058-3828043B4473}"
EndProject
Project("{2150E333-8FDC-42A3-9474-1A3956D46DE8}") = "BuildBlocks", "BuildBlocks", "{26227635-E971-41F9-A25D-28224B5EC5A7}"
EndProject
Project("{9A19103F-16F7-4668-BE54-9A1E7A4F7556}") = "BuildBlocks", "BuildBlocks\BuildBlocks\BuildBlocks.csproj", "{835155F5-EA4D-43D0-B0DE-76BADAC66C4E}"
EndProject
Project("{E53339B2-1760-4266-BCC7-CA923CBCF16C}") = "docker-compose", "docker-compose.dcproj", "{B6582543-2762-4A38-9299-EAD9FBA68969}"
EndProject
Project("{2150E333-8FDC-42A3-9474-1A3956D46DE8}") = "Basket", "Basket", "{F2A7918D-2159-4433-A029-B719FFDD346F}"
EndProject
Project("{9A19103F-16F7-4668-BE54-9A1E7A4F7556}") = "Basket.API", "Services\Basket\Basket.API\Basket.API.csproj", "{7E0CC052-66B8-4329-9BF8-8A61690EE638}"
EndProject
Project("{2150E333-8FDC-42A3-9474-1A3956D46DE8}") = "Discount", "Discount", "{30EBB2D6-D0A2-40DB-B63E-348AF2DCD7AF}"
EndProject
Project("{FAE04EC0-301F-11D3-BF4B-00C04F79EFBC}") = "Discount.Grpc", "Services\Discount\Discount.Grpc\Discount.Grpc.csproj", "{54E324ED-FEF3-41C2-B04E-69C996A488B5}"
EndProject
Project("{2150E333-8FDC-42A3-9474-1A3956D46DE8}") = "Ordering", "Ordering", "{02EA681E-C7D8-13C7-8484-4AC65E1B71E8}"
EndProject
Project("{FAE04EC0-301F-11D3-BF4B-00C04F79EFBC}") = "Ordering.API", "Services\Ordering\Ordering.API\Ordering.API.csproj", "{ADCBE38C-33C0-46E8-BF8D-057C688178A0}"
EndProject
Project("{FAE04EC0-301F-11D3-BF4B-00C04F79EFBC}") = "Ordering.Application", "Services\Ordering\Ordering.Application\Ordering.Application.csproj", "{76C8EE91-200F-46B3-B1CE-A167758A35F4}"
EndProject
Project("{FAE04EC0-301F-11D3-BF4B-00C04F79EFBC}") = "Ordering.Domain", "Services\Ordering\Ordering.Domain\Ordering.Domain.csproj", "{11811B6F-8325-493D-BBF9-2BFB10B220FF}"
EndProject
Project("{FAE04EC0-301F-11D3-BF4B-00C04F79EFBC}") = "Ordering.Infrastructure", "Services\Ordering\Ordering.Infrastructure\Ordering.Infrastructure.csproj", "{5BB3CDD0-B92D-41C1-9BD5-A1AF3330CD0E}"
EndProject
Global
	GlobalSection(SolutionConfigurationPlatforms) = preSolution
		Debug|Any CPU = Debug|Any CPU
		Release|Any CPU = Release|Any CPU
	EndGlobalSection
	GlobalSection(ProjectConfigurationPlatforms) = postSolution
		{CB5002D5-6FAC-4B1B-B058-3828043B4473}.Debug|Any CPU.ActiveCfg = Debug|Any CPU
		{CB5002D5-6FAC-4B1B-B058-3828043B4473}.Debug|Any CPU.Build.0 = Debug|Any CPU
		{CB5002D5-6FAC-4B1B-B058-3828043B4473}.Release|Any CPU.ActiveCfg = Release|Any CPU
		{CB5002D5-6FAC-4B1B-B058-3828043B4473}.Release|Any CPU.Build.0 = Release|Any CPU
		{835155F5-EA4D-43D0-B0DE-76BADAC66C4E}.Debug|Any CPU.ActiveCfg = Debug|Any CPU
		{835155F5-EA4D-43D0-B0DE-76BADAC66C4E}.Debug|Any CPU.Build.0 = Debug|Any CPU
		{835155F5-EA4D-43D0-B0DE-76BADAC66C4E}.Release|Any CPU.ActiveCfg = Release|Any CPU
		{835155F5-EA4D-43D0-B0DE-76BADAC66C4E}.Release|Any CPU.Build.0 = Release|Any CPU
		{B6582543-2762-4A38-9299-EAD9FBA68969}.Debug|Any CPU.ActiveCfg = Debug|Any CPU
		{B6582543-2762-4A38-9299-EAD9FBA68969}.Debug|Any CPU.Build.0 = Debug|Any CPU
		{B6582543-2762-4A38-9299-EAD9FBA68969}.Release|Any CPU.ActiveCfg = Release|Any CPU
		{B6582543-2762-4A38-9299-EAD9FBA68969}.Release|Any CPU.Build.0 = Release|Any CPU
		{7E0CC052-66B8-4329-9BF8-8A61690EE638}.Debug|Any CPU.ActiveCfg = Debug|Any CPU
		{7E0CC052-66B8-4329-9BF8-8A61690EE638}.Debug|Any CPU.Build.0 = Debug|Any CPU
		{7E0CC052-66B8-4329-9BF8-8A61690EE638}.Release|Any CPU.ActiveCfg = Release|Any CPU
		{7E0CC052-66B8-4329-9BF8-8A61690EE638}.Release|Any CPU.Build.0 = Release|Any CPU
		{54E324ED-FEF3-41C2-B04E-69C996A488B5}.Debug|Any CPU.ActiveCfg = Debug|Any CPU
		{54E324ED-FEF3-41C2-B04E-69C996A488B5}.Debug|Any CPU.Build.0 = Debug|Any CPU
		{54E324ED-FEF3-41C2-B04E-69C996A488B5}.Release|Any CPU.ActiveCfg = Release|Any CPU
		{54E324ED-FEF3-41C2-B04E-69C996A488B5}.Release|Any CPU.Build.0 = Release|Any CPU
		{ADCBE38C-33C0-46E8-BF8D-057C688178A0}.Debug|Any CPU.ActiveCfg = Debug|Any CPU
		{ADCBE38C-33C0-46E8-BF8D-057C688178A0}.Debug|Any CPU.Build.0 = Debug|Any CPU
		{ADCBE38C-33C0-46E8-BF8D-057C688178A0}.Release|Any CPU.ActiveCfg = Release|Any CPU
		{ADCBE38C-33C0-46E8-BF8D-057C688178A0}.Release|Any CPU.Build.0 = Release|Any CPU
		{76C8EE91-200F-46B3-B1CE-A167758A35F4}.Debug|Any CPU.ActiveCfg = Debug|Any CPU
		{76C8EE91-200F-46B3-B1CE-A167758A35F4}.Debug|Any CPU.Build.0 = Debug|Any CPU
		{76C8EE91-200F-46B3-B1CE-A167758A35F4}.Release|Any CPU.ActiveCfg = Release|Any CPU
		{76C8EE91-200F-46B3-B1CE-A167758A35F4}.Release|Any CPU.Build.0 = Release|Any CPU
		{11811B6F-8325-493D-BBF9-2BFB10B220FF}.Debug|Any CPU.ActiveCfg = Debug|Any CPU
		{11811B6F-8325-493D-BBF9-2BFB10B220FF}.Debug|Any CPU.Build.0 = Debug|Any CPU
		{11811B6F-8325-493D-BBF9-2BFB10B220FF}.Release|Any CPU.ActiveCfg = Release|Any CPU
		{11811B6F-8325-493D-BBF9-2BFB10B220FF}.Release|Any CPU.Build.0 = Release|Any CPU
		{5BB3CDD0-B92D-41C1-9BD5-A1AF3330CD0E}.Debug|Any CPU.ActiveCfg = Debug|Any CPU
		{5BB3CDD0-B92D-41C1-9BD5-A1AF3330CD0E}.Debug|Any CPU.Build.0 = Debug|Any CPU
		{5BB3CDD0-B92D-41C1-9BD5-A1AF3330CD0E}.Release|Any CPU.ActiveCfg = Release|Any CPU
		{5BB3CDD0-B92D-41C1-9BD5-A1AF3330CD0E}.Release|Any CPU.Build.0 = Release|Any CPU
	EndGlobalSection
	GlobalSection(SolutionProperties) = preSolution
		HideSolutionNode = FALSE
	EndGlobalSection
	GlobalSection(NestedProjects) = preSolution
		{17D23E12-425E-45C6-9E5C-D5A906962040} = {EFF8DBF1-9208-4494-9CC2-32C60D39B92E}
		{CB5002D5-6FAC-4B1B-B058-3828043B4473} = {17D23E12-425E-45C6-9E5C-D5A906962040}
		{835155F5-EA4D-43D0-B0DE-76BADAC66C4E} = {26227635-E971-41F9-A25D-28224B5EC5A7}
		{F2A7918D-2159-4433-A029-B719FFDD346F} = {EFF8DBF1-9208-4494-9CC2-32C60D39B92E}
		{7E0CC052-66B8-4329-9BF8-8A61690EE638} = {F2A7918D-2159-4433-A029-B719FFDD346F}
		{30EBB2D6-D0A2-40DB-B63E-348AF2DCD7AF} = {EFF8DBF1-9208-4494-9CC2-32C60D39B92E}
		{54E324ED-FEF3-41C2-B04E-69C996A488B5} = {30EBB2D6-D0A2-40DB-B63E-348AF2DCD7AF}
		{02EA681E-C7D8-13C7-8484-4AC65E1B71E8} = {EFF8DBF1-9208-4494-9CC2-32C60D39B92E}
		{ADCBE38C-33C0-46E8-BF8D-057C688178A0} = {02EA681E-C7D8-13C7-8484-4AC65E1B71E8}
		{76C8EE91-200F-46B3-B1CE-A167758A35F4} = {02EA681E-C7D8-13C7-8484-4AC65E1B71E8}
		{11811B6F-8325-493D-BBF9-2BFB10B220FF} = {02EA681E-C7D8-13C7-8484-4AC65E1B71E8}
		{5BB3CDD0-B92D-41C1-9BD5-A1AF3330CD0E} = {02EA681E-C7D8-13C7-8484-4AC65E1B71E8}
	EndGlobalSection
	GlobalSection(ExtensibilityGlobals) = postSolution
		SolutionGuid = {0D1C725D-FCD6-408F-8F3C-7E13BECBC818}
	EndGlobalSection
EndGlobal
